
Microsoft Visual Studio Solution File, Format Version 12.00
# Visual Studio 2012
Project("{FAE04EC0-301F-11D3-BF4B-00C04F79EFBC}") = "1. Support Ticket", "1. Support Ticket\1. Support Ticket.csproj", "{93AE56F0-0738-4720-BE15-BF3A790D4CCE}"
EndProject
Project("{FAE04EC0-301F-11D3-BF4B-00C04F79EFBC}") = "2. Contacts Table", "2. Contacts Table\2. Contacts Table.csproj", "{261A9D11-009E-4B72-8710-4E6A3BD5A9B0}"
EndProject
Project("{FAE04EC0-301F-11D3-BF4B-00C04F79EFBC}") = "3. Stylish Page", "3. Stylish Page\3. Stylish Page.csproj", "{999DBA8F-D855-48D4-88C4-11F63939B655}"
EndProject
Global
	GlobalSection(SolutionConfigurationPlatforms) = preSolution
		Debug|Any CPU = Debug|Any CPU
		Release|Any CPU = Release|Any CPU
	EndGlobalSection
	GlobalSection(ProjectConfigurationPlatforms) = postSolution
		{93AE56F0-0738-4720-BE15-BF3A790D4CCE}.Debug|Any CPU.ActiveCfg = Debug|Any CPU
		{93AE56F0-0738-4720-BE15-BF3A790D4CCE}.Debug|Any CPU.Build.0 = Debug|Any CPU
		{93AE56F0-0738-4720-BE15-BF3A790D4CCE}.Release|Any CPU.ActiveCfg = Release|Any CPU
		{93AE56F0-0738-4720-BE15-BF3A790D4CCE}.Release|Any CPU.Build.0 = Release|Any CPU
		{261A9D11-009E-4B72-8710-4E6A3BD5A9B0}.Debug|Any CPU.ActiveCfg = Debug|Any CPU
		{261A9D11-009E-4B72-8710-4E6A3BD5A9B0}.Debug|Any CPU.Build.0 = Debug|Any CPU
		{261A9D11-009E-4B72-8710-4E6A3BD5A9B0}.Release|Any CPU.ActiveCfg = Release|Any CPU
		{261A9D11-009E-4B72-8710-4E6A3BD5A9B0}.Release|Any CPU.Build.0 = Release|Any CPU
		{999DBA8F-D855-48D4-88C4-11F63939B655}.Debug|Any CPU.ActiveCfg = Debug|Any CPU
		{999DBA8F-D855-48D4-88C4-11F63939B655}.Debug|Any CPU.Build.0 = Debug|Any CPU
		{999DBA8F-D855-48D4-88C4-11F63939B655}.Release|Any CPU.ActiveCfg = Release|Any CPU
		{999DBA8F-D855-48D4-88C4-11F63939B655}.Release|Any CPU.Build.0 = Release|Any CPU
	EndGlobalSection
	GlobalSection(SolutionProperties) = preSolution
		HideSolutionNode = FALSE
	EndGlobalSection
EndGlobal
