
Microsoft Visual Studio Solution File, Format Version 12.00
# Visual Studio 2012
Project("{FAE04EC0-301F-11D3-BF4B-00C04F79EFBC}") = "Forum", "Forum\Forum.csproj", "{B7E72502-9CE8-49D1-91CD-399B4E63D525}"
EndProject
Project("{FAE04EC0-301F-11D3-BF4B-00C04F79EFBC}") = "ForumModels", "ForumModels\ForumModels.csproj", "{52D4C222-930A-4814-B4F9-8A4494383D22}"
EndProject
Project("{FAE04EC0-301F-11D3-BF4B-00C04F79EFBC}") = "ForumData", "ForumData\ForumData.csproj", "{2B96BBC5-5C28-4D17-AC55-DE802B62914C}"
EndProject
Global
	GlobalSection(SolutionConfigurationPlatforms) = preSolution
		Debug|Any CPU = Debug|Any CPU
		Release|Any CPU = Release|Any CPU
	EndGlobalSection
	GlobalSection(ProjectConfigurationPlatforms) = postSolution
		{B7E72502-9CE8-49D1-91CD-399B4E63D525}.Debug|Any CPU.ActiveCfg = Debug|Any CPU
		{B7E72502-9CE8-49D1-91CD-399B4E63D525}.Debug|Any CPU.Build.0 = Debug|Any CPU
		{B7E72502-9CE8-49D1-91CD-399B4E63D525}.Release|Any CPU.ActiveCfg = Release|Any CPU
		{B7E72502-9CE8-49D1-91CD-399B4E63D525}.Release|Any CPU.Build.0 = Release|Any CPU
		{52D4C222-930A-4814-B4F9-8A4494383D22}.Debug|Any CPU.ActiveCfg = Debug|Any CPU
		{52D4C222-930A-4814-B4F9-8A4494383D22}.Debug|Any CPU.Build.0 = Debug|Any CPU
		{52D4C222-930A-4814-B4F9-8A4494383D22}.Release|Any CPU.ActiveCfg = Release|Any CPU
		{52D4C222-930A-4814-B4F9-8A4494383D22}.Release|Any CPU.Build.0 = Release|Any CPU
		{2B96BBC5-5C28-4D17-AC55-DE802B62914C}.Debug|Any CPU.ActiveCfg = Debug|Any CPU
		{2B96BBC5-5C28-4D17-AC55-DE802B62914C}.Debug|Any CPU.Build.0 = Debug|Any CPU
		{2B96BBC5-5C28-4D17-AC55-DE802B62914C}.Release|Any CPU.ActiveCfg = Release|Any CPU
		{2B96BBC5-5C28-4D17-AC55-DE802B62914C}.Release|Any CPU.Build.0 = Release|Any CPU
	EndGlobalSection
	GlobalSection(SolutionProperties) = preSolution
		HideSolutionNode = FALSE
	EndGlobalSection
EndGlobal
