
Microsoft Visual Studio Solution File, Format Version 12.00
# Visual Studio 2012
Project("{FAE04EC0-301F-11D3-BF4B-00C04F79EFBC}") = "Poker", "Poker\Poker.csproj", "{2534612D-D8FD-4804-AD7A-8E47A9A18C3B}"
EndProject
Project("{FAE04EC0-301F-11D3-BF4B-00C04F79EFBC}") = "PokerTests", "PokerTests\PokerTests.csproj", "{B0BD8B58-6722-4818-ADDA-94322E2E4D96}"
EndProject
Global
	GlobalSection(SolutionConfigurationPlatforms) = preSolution
		Debug|Any CPU = Debug|Any CPU
		Release|Any CPU = Release|Any CPU
	EndGlobalSection
	GlobalSection(ProjectConfigurationPlatforms) = postSolution
		{2534612D-D8FD-4804-AD7A-8E47A9A18C3B}.Debug|Any CPU.ActiveCfg = Debug|Any CPU
		{2534612D-D8FD-4804-AD7A-8E47A9A18C3B}.Debug|Any CPU.Build.0 = Debug|Any CPU
		{2534612D-D8FD-4804-AD7A-8E47A9A18C3B}.Release|Any CPU.ActiveCfg = Release|Any CPU
		{2534612D-D8FD-4804-AD7A-8E47A9A18C3B}.Release|Any CPU.Build.0 = Release|Any CPU
		{B0BD8B58-6722-4818-ADDA-94322E2E4D96}.Debug|Any CPU.ActiveCfg = Debug|Any CPU
		{B0BD8B58-6722-4818-ADDA-94322E2E4D96}.Debug|Any CPU.Build.0 = Debug|Any CPU
		{B0BD8B58-6722-4818-ADDA-94322E2E4D96}.Release|Any CPU.ActiveCfg = Release|Any CPU
		{B0BD8B58-6722-4818-ADDA-94322E2E4D96}.Release|Any CPU.Build.0 = Release|Any CPU
	EndGlobalSection
	GlobalSection(SolutionProperties) = preSolution
		HideSolutionNode = FALSE
	EndGlobalSection
EndGlobal
