
Microsoft Visual Studio Solution File, Format Version 12.00
# Visual Studio 2012
Project("{FAE04EC0-301F-11D3-BF4B-00C04F79EFBC}") = "1. SoftwareAcademy", "1. SoftwareAcademy\1. SoftwareAcademy.csproj", "{E4106F9D-9A24-46C6-B0D8-29BFDE6786E6}"
EndProject
Project("{FAE04EC0-301F-11D3-BF4B-00C04F79EFBC}") = "2. AcademyRPG", "2. Role-PlayingGameAPI\2. AcademyRPG.csproj", "{99ADD898-CD27-4348-B707-8A34D85A4A19}"
EndProject
Project("{FAE04EC0-301F-11D3-BF4B-00C04F79EFBC}") = "ConsoleApplication1", "ConsoleApplication1\ConsoleApplication1.csproj", "{269CDC9F-B668-4682-B138-919C0D4E420D}"
EndProject
Global
	GlobalSection(SolutionConfigurationPlatforms) = preSolution
		Debug|Any CPU = Debug|Any CPU
		Release|Any CPU = Release|Any CPU
	EndGlobalSection
	GlobalSection(ProjectConfigurationPlatforms) = postSolution
		{E4106F9D-9A24-46C6-B0D8-29BFDE6786E6}.Debug|Any CPU.ActiveCfg = Debug|Any CPU
		{E4106F9D-9A24-46C6-B0D8-29BFDE6786E6}.Debug|Any CPU.Build.0 = Debug|Any CPU
		{E4106F9D-9A24-46C6-B0D8-29BFDE6786E6}.Release|Any CPU.ActiveCfg = Release|Any CPU
		{E4106F9D-9A24-46C6-B0D8-29BFDE6786E6}.Release|Any CPU.Build.0 = Release|Any CPU
		{99ADD898-CD27-4348-B707-8A34D85A4A19}.Debug|Any CPU.ActiveCfg = Debug|Any CPU
		{99ADD898-CD27-4348-B707-8A34D85A4A19}.Debug|Any CPU.Build.0 = Debug|Any CPU
		{99ADD898-CD27-4348-B707-8A34D85A4A19}.Release|Any CPU.ActiveCfg = Release|Any CPU
		{99ADD898-CD27-4348-B707-8A34D85A4A19}.Release|Any CPU.Build.0 = Release|Any CPU
		{269CDC9F-B668-4682-B138-919C0D4E420D}.Debug|Any CPU.ActiveCfg = Debug|Any CPU
		{269CDC9F-B668-4682-B138-919C0D4E420D}.Debug|Any CPU.Build.0 = Debug|Any CPU
		{269CDC9F-B668-4682-B138-919C0D4E420D}.Release|Any CPU.ActiveCfg = Release|Any CPU
		{269CDC9F-B668-4682-B138-919C0D4E420D}.Release|Any CPU.Build.0 = Release|Any CPU
	EndGlobalSection
	GlobalSection(SolutionProperties) = preSolution
		HideSolutionNode = FALSE
	EndGlobalSection
EndGlobal
