
Microsoft Visual Studio Solution File, Format Version 12.00
# Visual Studio 2012
Project("{FAE04EC0-301F-11D3-BF4B-00C04F79EFBC}") = "2. HelloCSharp", "2. HelloCSharp\2. HelloCSharp.csproj", "{91A26F61-FBFA-4819-A1AF-81B6AF45B64F}"
EndProject
Project("{FAE04EC0-301F-11D3-BF4B-00C04F79EFBC}") = "3. PrintMyName", "3. PrintMyName\3. PrintMyName.csproj", "{C384FD22-0935-489B-BD25-E8344B9208AD}"
EndProject
Project("{FAE04EC0-301F-11D3-BF4B-00C04F79EFBC}") = "4. PrintNumbers", "4. PrintNumbers\4. PrintNumbers.csproj", "{6DC3CBBC-18D0-4617-A549-E5A40FCD17C9}"
EndProject
Project("{FAE04EC0-301F-11D3-BF4B-00C04F79EFBC}") = "7. CurrentDateAndTime", "7. CurrentDateAndTime\7. CurrentDateAndTime.csproj", "{FEA73E15-29E3-433E-91F7-EA1C243D9D9C}"
EndProject
Project("{FAE04EC0-301F-11D3-BF4B-00C04F79EFBC}") = "8. SquareOfNumber", "8. SquareOfNumber\8. SquareOfNumber.csproj", "{929B46E4-0284-4C64-8DDE-6295B7765F5E}"
EndProject
Project("{FAE04EC0-301F-11D3-BF4B-00C04F79EFBC}") = "9. MembersOfSequence", "9. MembersOfSequence\9. MembersOfSequence.csproj", "{89C45FD2-B33D-48A8-BEC4-D9137177FB60}"
EndProject
Project("{FAE04EC0-301F-11D3-BF4B-00C04F79EFBC}") = "12. AgeIn10Years", "12. AgeIn10Years\12. AgeIn10Years.csproj", "{C33F73FF-6221-4AA9-AB7E-1D575B13ECBC}"
EndProject
Global
	GlobalSection(SolutionConfigurationPlatforms) = preSolution
		Debug|Any CPU = Debug|Any CPU
		Release|Any CPU = Release|Any CPU
	EndGlobalSection
	GlobalSection(ProjectConfigurationPlatforms) = postSolution
		{91A26F61-FBFA-4819-A1AF-81B6AF45B64F}.Debug|Any CPU.ActiveCfg = Debug|Any CPU
		{91A26F61-FBFA-4819-A1AF-81B6AF45B64F}.Debug|Any CPU.Build.0 = Debug|Any CPU
		{91A26F61-FBFA-4819-A1AF-81B6AF45B64F}.Release|Any CPU.ActiveCfg = Release|Any CPU
		{91A26F61-FBFA-4819-A1AF-81B6AF45B64F}.Release|Any CPU.Build.0 = Release|Any CPU
		{C384FD22-0935-489B-BD25-E8344B9208AD}.Debug|Any CPU.ActiveCfg = Debug|Any CPU
		{C384FD22-0935-489B-BD25-E8344B9208AD}.Debug|Any CPU.Build.0 = Debug|Any CPU
		{C384FD22-0935-489B-BD25-E8344B9208AD}.Release|Any CPU.ActiveCfg = Release|Any CPU
		{C384FD22-0935-489B-BD25-E8344B9208AD}.Release|Any CPU.Build.0 = Release|Any CPU
		{6DC3CBBC-18D0-4617-A549-E5A40FCD17C9}.Debug|Any CPU.ActiveCfg = Debug|Any CPU
		{6DC3CBBC-18D0-4617-A549-E5A40FCD17C9}.Debug|Any CPU.Build.0 = Debug|Any CPU
		{6DC3CBBC-18D0-4617-A549-E5A40FCD17C9}.Release|Any CPU.ActiveCfg = Release|Any CPU
		{6DC3CBBC-18D0-4617-A549-E5A40FCD17C9}.Release|Any CPU.Build.0 = Release|Any CPU
		{FEA73E15-29E3-433E-91F7-EA1C243D9D9C}.Debug|Any CPU.ActiveCfg = Debug|Any CPU
		{FEA73E15-29E3-433E-91F7-EA1C243D9D9C}.Debug|Any CPU.Build.0 = Debug|Any CPU
		{FEA73E15-29E3-433E-91F7-EA1C243D9D9C}.Release|Any CPU.ActiveCfg = Release|Any CPU
		{FEA73E15-29E3-433E-91F7-EA1C243D9D9C}.Release|Any CPU.Build.0 = Release|Any CPU
		{929B46E4-0284-4C64-8DDE-6295B7765F5E}.Debug|Any CPU.ActiveCfg = Debug|Any CPU
		{929B46E4-0284-4C64-8DDE-6295B7765F5E}.Debug|Any CPU.Build.0 = Debug|Any CPU
		{929B46E4-0284-4C64-8DDE-6295B7765F5E}.Release|Any CPU.ActiveCfg = Release|Any CPU
		{929B46E4-0284-4C64-8DDE-6295B7765F5E}.Release|Any CPU.Build.0 = Release|Any CPU
		{89C45FD2-B33D-48A8-BEC4-D9137177FB60}.Debug|Any CPU.ActiveCfg = Debug|Any CPU
		{89C45FD2-B33D-48A8-BEC4-D9137177FB60}.Debug|Any CPU.Build.0 = Debug|Any CPU
		{89C45FD2-B33D-48A8-BEC4-D9137177FB60}.Release|Any CPU.ActiveCfg = Release|Any CPU
		{89C45FD2-B33D-48A8-BEC4-D9137177FB60}.Release|Any CPU.Build.0 = Release|Any CPU
		{C33F73FF-6221-4AA9-AB7E-1D575B13ECBC}.Debug|Any CPU.ActiveCfg = Debug|Any CPU
		{C33F73FF-6221-4AA9-AB7E-1D575B13ECBC}.Debug|Any CPU.Build.0 = Debug|Any CPU
		{C33F73FF-6221-4AA9-AB7E-1D575B13ECBC}.Release|Any CPU.ActiveCfg = Release|Any CPU
		{C33F73FF-6221-4AA9-AB7E-1D575B13ECBC}.Release|Any CPU.Build.0 = Release|Any CPU
	EndGlobalSection
	GlobalSection(SolutionProperties) = preSolution
		HideSolutionNode = FALSE
	EndGlobalSection
EndGlobal
