
Microsoft Visual Studio Solution File, Format Version 12.00
# Visual Studio 2012
Project("{FAE04EC0-301F-11D3-BF4B-00C04F79EFBC}") = "1. Assertions", "1. Assertions\1. Assertions.csproj", "{FDADDC2C-3090-4CFF-9956-C068353EFE15}"
EndProject
Project("{FAE04EC0-301F-11D3-BF4B-00C04F79EFBC}") = "2. Exceptions", "2. Exceptions\2. Exceptions.csproj", "{4B613214-C462-410B-AF74-A2CC166B1D28}"
EndProject
Global
	GlobalSection(SolutionConfigurationPlatforms) = preSolution
		Debug|Any CPU = Debug|Any CPU
		Release|Any CPU = Release|Any CPU
	EndGlobalSection
	GlobalSection(ProjectConfigurationPlatforms) = postSolution
		{FDADDC2C-3090-4CFF-9956-C068353EFE15}.Debug|Any CPU.ActiveCfg = Debug|Any CPU
		{FDADDC2C-3090-4CFF-9956-C068353EFE15}.Debug|Any CPU.Build.0 = Debug|Any CPU
		{FDADDC2C-3090-4CFF-9956-C068353EFE15}.Release|Any CPU.ActiveCfg = Release|Any CPU
		{FDADDC2C-3090-4CFF-9956-C068353EFE15}.Release|Any CPU.Build.0 = Release|Any CPU
		{4B613214-C462-410B-AF74-A2CC166B1D28}.Debug|Any CPU.ActiveCfg = Debug|Any CPU
		{4B613214-C462-410B-AF74-A2CC166B1D28}.Debug|Any CPU.Build.0 = Debug|Any CPU
		{4B613214-C462-410B-AF74-A2CC166B1D28}.Release|Any CPU.ActiveCfg = Release|Any CPU
		{4B613214-C462-410B-AF74-A2CC166B1D28}.Release|Any CPU.Build.0 = Release|Any CPU
	EndGlobalSection
	GlobalSection(SolutionProperties) = preSolution
		HideSolutionNode = FALSE
	EndGlobalSection
EndGlobal
