
Microsoft Visual Studio Solution File, Format Version 12.00
# Visual Studio 2012
Project("{2150E333-8FDC-42A3-9474-1A3956D46DE8}") = "2011 Sample Exam", "2011 Sample Exam", "{00A36534-A4DF-421E-A48E-7B3C03A66F8A}"
EndProject
Project("{2150E333-8FDC-42A3-9474-1A3956D46DE8}") = "2011 Practical Exam", "2011 Practical Exam", "{CF36FDA3-3C1E-40B4-965A-C6AEA65794D5}"
EndProject
Project("{2150E333-8FDC-42A3-9474-1A3956D46DE8}") = "2011 Exam Variant 1", "2011 Exam Variant 1", "{CD8EF6D5-0940-40BF-8A59-7A72A8992AD8}"
EndProject
Project("{2150E333-8FDC-42A3-9474-1A3956D46DE8}") = "2011 Exam Variant 2", "2011 Exam Variant 2", "{143A0B0C-C506-4D73-805E-AB4DE33F13F3}"
EndProject
Project("{FAE04EC0-301F-11D3-BF4B-00C04F79EFBC}") = "1. CartesianCoordinateSystem", "1. CartesianCoordinateSystem\1. CartesianCoordinateSystem.csproj", "{26DAE56B-189A-4D28-AE12-D7A673D0CF2D}"
EndProject
Project("{FAE04EC0-301F-11D3-BF4B-00C04F79EFBC}") = "2. MissCat", "2. MissCat\2. MissCat.csproj", "{A1A64AE6-5B9F-4273-80D6-8403C004456F}"
EndProject
Project("{FAE04EC0-301F-11D3-BF4B-00C04F79EFBC}") = "3. ForestRoad", "3. ForestRoad\3. ForestRoad.csproj", "{4948B87F-909F-4FEE-85C6-929B085F18B0}"
EndProject
Project("{FAE04EC0-301F-11D3-BF4B-00C04F79EFBC}") = "4. BinaryDigitsCount", "4. BinaryDigitsCount\4. BinaryDigitsCount.csproj", "{EC1C9BA0-C480-45B2-93F7-0ECB93D61307}"
EndProject
Project("{FAE04EC0-301F-11D3-BF4B-00C04F79EFBC}") = "1. FighterAttack", "1. FighterAttack\1. FighterAttack.csproj", "{4F5BC8AE-EDE8-465B-A8B7-B668A26DA0AB}"
EndProject
Project("{FAE04EC0-301F-11D3-BF4B-00C04F79EFBC}") = "2. AstrologicalDigits", "2. AstrologicalDigits\2. AstrologicalDigits.csproj", "{0E6F6B8D-C55D-4353-9D25-D89F99820010}"
EndProject
Project("{FAE04EC0-301F-11D3-BF4B-00C04F79EFBC}") = "3. SandGlass", "3. SandGlass\3. SandGlass.csproj", "{330FA3A7-057C-467B-A6C2-046AE71057A3}"
EndProject
Project("{FAE04EC0-301F-11D3-BF4B-00C04F79EFBC}") = "4. DancingBits", "4. DancingBits\4. DancingBits.csproj", "{A62C3A21-24C1-4F9E-8E3B-BDEA652841AA}"
EndProject
Project("{FAE04EC0-301F-11D3-BF4B-00C04F79EFBC}") = "5. Lines", "5. Lines\5. Lines.csproj", "{609A4728-52D8-4128-92D2-69BAE2509BCC}"
EndProject
Project("{FAE04EC0-301F-11D3-BF4B-00C04F79EFBC}") = "5. SubsetSums", "5. SubsetSums\5. SubsetSums.csproj", "{529D2C56-1C14-40FA-A92A-E0B16BBD2805}"
EndProject
Project("{FAE04EC0-301F-11D3-BF4B-00C04F79EFBC}") = "1. ShipDamage", "1. ShipDamage\1. ShipDamage.csproj", "{54DB94A4-5A54-410A-9ACE-106BA3F6B67F}"
EndProject
Project("{FAE04EC0-301F-11D3-BF4B-00C04F79EFBC}") = "3. FirTree", "3. FirTree\3. FirTree.csproj", "{3F8C4C8F-2CD1-4DC0-A2D9-2D24626DD486}"
EndProject
Project("{FAE04EC0-301F-11D3-BF4B-00C04F79EFBC}") = "2. Tribonacci", "2. Tribonacci\2. Tribonacci.csproj", "{1DC2D9C7-97EA-451B-A80C-22213550BCB5}"
EndProject
Project("{FAE04EC0-301F-11D3-BF4B-00C04F79EFBC}") = "5. Pillars", "5. Pillars\5. Pillars.csproj", "{42B3FFB2-B056-469D-8417-84CF39E62F89}"
EndProject
Project("{FAE04EC0-301F-11D3-BF4B-00C04F79EFBC}") = "4. WeAllLoveBits", "4. WeAllLoveBits\4. WeAllLoveBits.csproj", "{C26D79A2-8C3F-413C-843E-BD6459F87B50}"
EndProject
Project("{FAE04EC0-301F-11D3-BF4B-00C04F79EFBC}") = "1. MathExpression", "1. MathExpression\1. MathExpression.csproj", "{D6C4362B-A2AC-46CF-ADB3-191775FA696D}"
EndProject
Project("{FAE04EC0-301F-11D3-BF4B-00C04F79EFBC}") = "2. LeastMajorityMultiple", "2. LeastMajorityMultiple\2. LeastMajorityMultiple.csproj", "{D99F3753-C2F0-451B-92A5-EFB4905DA69A}"
EndProject
Project("{FAE04EC0-301F-11D3-BF4B-00C04F79EFBC}") = "3. Trapezoid", "3. Trapezoid\3. Trapezoid.csproj", "{D5C2DC4A-D099-49B6-92E8-C8B9B73C8E65}"
EndProject
Project("{FAE04EC0-301F-11D3-BF4B-00C04F79EFBC}") = "4. OddNumber", "4. OddNumber\4. OddNumber.csproj", "{A3529CA5-2418-43BC-8AE3-B3952F7D47C4}"
EndProject
Project("{FAE04EC0-301F-11D3-BF4B-00C04F79EFBC}") = "5. FallDown", "5. FallDown\5. FallDown.csproj", "{81D5BD78-CBAA-4879-99BC-3A1175E0E7A4}"
EndProject
Project("{FAE04EC0-301F-11D3-BF4B-00C04F79EFBC}") = "RomanNumerals", "RomanNumerals\RomanNumerals.csproj", "{284686A4-2865-49C9-9D08-EC6752F6501B}"
EndProject
Global
	GlobalSection(SolutionConfigurationPlatforms) = preSolution
		Debug|Any CPU = Debug|Any CPU
		Release|Any CPU = Release|Any CPU
	EndGlobalSection
	GlobalSection(ProjectConfigurationPlatforms) = postSolution
		{26DAE56B-189A-4D28-AE12-D7A673D0CF2D}.Debug|Any CPU.ActiveCfg = Debug|Any CPU
		{26DAE56B-189A-4D28-AE12-D7A673D0CF2D}.Debug|Any CPU.Build.0 = Debug|Any CPU
		{26DAE56B-189A-4D28-AE12-D7A673D0CF2D}.Release|Any CPU.ActiveCfg = Release|Any CPU
		{26DAE56B-189A-4D28-AE12-D7A673D0CF2D}.Release|Any CPU.Build.0 = Release|Any CPU
		{A1A64AE6-5B9F-4273-80D6-8403C004456F}.Debug|Any CPU.ActiveCfg = Debug|Any CPU
		{A1A64AE6-5B9F-4273-80D6-8403C004456F}.Debug|Any CPU.Build.0 = Debug|Any CPU
		{A1A64AE6-5B9F-4273-80D6-8403C004456F}.Release|Any CPU.ActiveCfg = Release|Any CPU
		{A1A64AE6-5B9F-4273-80D6-8403C004456F}.Release|Any CPU.Build.0 = Release|Any CPU
		{4948B87F-909F-4FEE-85C6-929B085F18B0}.Debug|Any CPU.ActiveCfg = Debug|Any CPU
		{4948B87F-909F-4FEE-85C6-929B085F18B0}.Debug|Any CPU.Build.0 = Debug|Any CPU
		{4948B87F-909F-4FEE-85C6-929B085F18B0}.Release|Any CPU.ActiveCfg = Release|Any CPU
		{4948B87F-909F-4FEE-85C6-929B085F18B0}.Release|Any CPU.Build.0 = Release|Any CPU
		{EC1C9BA0-C480-45B2-93F7-0ECB93D61307}.Debug|Any CPU.ActiveCfg = Debug|Any CPU
		{EC1C9BA0-C480-45B2-93F7-0ECB93D61307}.Debug|Any CPU.Build.0 = Debug|Any CPU
		{EC1C9BA0-C480-45B2-93F7-0ECB93D61307}.Release|Any CPU.ActiveCfg = Release|Any CPU
		{EC1C9BA0-C480-45B2-93F7-0ECB93D61307}.Release|Any CPU.Build.0 = Release|Any CPU
		{4F5BC8AE-EDE8-465B-A8B7-B668A26DA0AB}.Debug|Any CPU.ActiveCfg = Debug|Any CPU
		{4F5BC8AE-EDE8-465B-A8B7-B668A26DA0AB}.Debug|Any CPU.Build.0 = Debug|Any CPU
		{4F5BC8AE-EDE8-465B-A8B7-B668A26DA0AB}.Release|Any CPU.ActiveCfg = Release|Any CPU
		{4F5BC8AE-EDE8-465B-A8B7-B668A26DA0AB}.Release|Any CPU.Build.0 = Release|Any CPU
		{0E6F6B8D-C55D-4353-9D25-D89F99820010}.Debug|Any CPU.ActiveCfg = Debug|Any CPU
		{0E6F6B8D-C55D-4353-9D25-D89F99820010}.Debug|Any CPU.Build.0 = Debug|Any CPU
		{0E6F6B8D-C55D-4353-9D25-D89F99820010}.Release|Any CPU.ActiveCfg = Release|Any CPU
		{0E6F6B8D-C55D-4353-9D25-D89F99820010}.Release|Any CPU.Build.0 = Release|Any CPU
		{330FA3A7-057C-467B-A6C2-046AE71057A3}.Debug|Any CPU.ActiveCfg = Debug|Any CPU
		{330FA3A7-057C-467B-A6C2-046AE71057A3}.Debug|Any CPU.Build.0 = Debug|Any CPU
		{330FA3A7-057C-467B-A6C2-046AE71057A3}.Release|Any CPU.ActiveCfg = Release|Any CPU
		{330FA3A7-057C-467B-A6C2-046AE71057A3}.Release|Any CPU.Build.0 = Release|Any CPU
		{A62C3A21-24C1-4F9E-8E3B-BDEA652841AA}.Debug|Any CPU.ActiveCfg = Debug|Any CPU
		{A62C3A21-24C1-4F9E-8E3B-BDEA652841AA}.Debug|Any CPU.Build.0 = Debug|Any CPU
		{A62C3A21-24C1-4F9E-8E3B-BDEA652841AA}.Release|Any CPU.ActiveCfg = Release|Any CPU
		{A62C3A21-24C1-4F9E-8E3B-BDEA652841AA}.Release|Any CPU.Build.0 = Release|Any CPU
		{609A4728-52D8-4128-92D2-69BAE2509BCC}.Debug|Any CPU.ActiveCfg = Debug|Any CPU
		{609A4728-52D8-4128-92D2-69BAE2509BCC}.Debug|Any CPU.Build.0 = Debug|Any CPU
		{609A4728-52D8-4128-92D2-69BAE2509BCC}.Release|Any CPU.ActiveCfg = Release|Any CPU
		{609A4728-52D8-4128-92D2-69BAE2509BCC}.Release|Any CPU.Build.0 = Release|Any CPU
		{529D2C56-1C14-40FA-A92A-E0B16BBD2805}.Debug|Any CPU.ActiveCfg = Debug|Any CPU
		{529D2C56-1C14-40FA-A92A-E0B16BBD2805}.Debug|Any CPU.Build.0 = Debug|Any CPU
		{529D2C56-1C14-40FA-A92A-E0B16BBD2805}.Release|Any CPU.ActiveCfg = Release|Any CPU
		{529D2C56-1C14-40FA-A92A-E0B16BBD2805}.Release|Any CPU.Build.0 = Release|Any CPU
		{54DB94A4-5A54-410A-9ACE-106BA3F6B67F}.Debug|Any CPU.ActiveCfg = Debug|Any CPU
		{54DB94A4-5A54-410A-9ACE-106BA3F6B67F}.Debug|Any CPU.Build.0 = Debug|Any CPU
		{54DB94A4-5A54-410A-9ACE-106BA3F6B67F}.Release|Any CPU.ActiveCfg = Release|Any CPU
		{54DB94A4-5A54-410A-9ACE-106BA3F6B67F}.Release|Any CPU.Build.0 = Release|Any CPU
		{3F8C4C8F-2CD1-4DC0-A2D9-2D24626DD486}.Debug|Any CPU.ActiveCfg = Debug|Any CPU
		{3F8C4C8F-2CD1-4DC0-A2D9-2D24626DD486}.Debug|Any CPU.Build.0 = Debug|Any CPU
		{3F8C4C8F-2CD1-4DC0-A2D9-2D24626DD486}.Release|Any CPU.ActiveCfg = Release|Any CPU
		{3F8C4C8F-2CD1-4DC0-A2D9-2D24626DD486}.Release|Any CPU.Build.0 = Release|Any CPU
		{1DC2D9C7-97EA-451B-A80C-22213550BCB5}.Debug|Any CPU.ActiveCfg = Debug|Any CPU
		{1DC2D9C7-97EA-451B-A80C-22213550BCB5}.Debug|Any CPU.Build.0 = Debug|Any CPU
		{1DC2D9C7-97EA-451B-A80C-22213550BCB5}.Release|Any CPU.ActiveCfg = Release|Any CPU
		{1DC2D9C7-97EA-451B-A80C-22213550BCB5}.Release|Any CPU.Build.0 = Release|Any CPU
		{42B3FFB2-B056-469D-8417-84CF39E62F89}.Debug|Any CPU.ActiveCfg = Debug|Any CPU
		{42B3FFB2-B056-469D-8417-84CF39E62F89}.Debug|Any CPU.Build.0 = Debug|Any CPU
		{42B3FFB2-B056-469D-8417-84CF39E62F89}.Release|Any CPU.ActiveCfg = Release|Any CPU
		{42B3FFB2-B056-469D-8417-84CF39E62F89}.Release|Any CPU.Build.0 = Release|Any CPU
		{C26D79A2-8C3F-413C-843E-BD6459F87B50}.Debug|Any CPU.ActiveCfg = Debug|Any CPU
		{C26D79A2-8C3F-413C-843E-BD6459F87B50}.Debug|Any CPU.Build.0 = Debug|Any CPU
		{C26D79A2-8C3F-413C-843E-BD6459F87B50}.Release|Any CPU.ActiveCfg = Release|Any CPU
		{C26D79A2-8C3F-413C-843E-BD6459F87B50}.Release|Any CPU.Build.0 = Release|Any CPU
		{D6C4362B-A2AC-46CF-ADB3-191775FA696D}.Debug|Any CPU.ActiveCfg = Debug|Any CPU
		{D6C4362B-A2AC-46CF-ADB3-191775FA696D}.Debug|Any CPU.Build.0 = Debug|Any CPU
		{D6C4362B-A2AC-46CF-ADB3-191775FA696D}.Release|Any CPU.ActiveCfg = Release|Any CPU
		{D6C4362B-A2AC-46CF-ADB3-191775FA696D}.Release|Any CPU.Build.0 = Release|Any CPU
		{D99F3753-C2F0-451B-92A5-EFB4905DA69A}.Debug|Any CPU.ActiveCfg = Debug|Any CPU
		{D99F3753-C2F0-451B-92A5-EFB4905DA69A}.Debug|Any CPU.Build.0 = Debug|Any CPU
		{D99F3753-C2F0-451B-92A5-EFB4905DA69A}.Release|Any CPU.ActiveCfg = Release|Any CPU
		{D99F3753-C2F0-451B-92A5-EFB4905DA69A}.Release|Any CPU.Build.0 = Release|Any CPU
		{D5C2DC4A-D099-49B6-92E8-C8B9B73C8E65}.Debug|Any CPU.ActiveCfg = Debug|Any CPU
		{D5C2DC4A-D099-49B6-92E8-C8B9B73C8E65}.Debug|Any CPU.Build.0 = Debug|Any CPU
		{D5C2DC4A-D099-49B6-92E8-C8B9B73C8E65}.Release|Any CPU.ActiveCfg = Release|Any CPU
		{D5C2DC4A-D099-49B6-92E8-C8B9B73C8E65}.Release|Any CPU.Build.0 = Release|Any CPU
		{A3529CA5-2418-43BC-8AE3-B3952F7D47C4}.Debug|Any CPU.ActiveCfg = Debug|Any CPU
		{A3529CA5-2418-43BC-8AE3-B3952F7D47C4}.Debug|Any CPU.Build.0 = Debug|Any CPU
		{A3529CA5-2418-43BC-8AE3-B3952F7D47C4}.Release|Any CPU.ActiveCfg = Release|Any CPU
		{A3529CA5-2418-43BC-8AE3-B3952F7D47C4}.Release|Any CPU.Build.0 = Release|Any CPU
		{81D5BD78-CBAA-4879-99BC-3A1175E0E7A4}.Debug|Any CPU.ActiveCfg = Debug|Any CPU
		{81D5BD78-CBAA-4879-99BC-3A1175E0E7A4}.Debug|Any CPU.Build.0 = Debug|Any CPU
		{81D5BD78-CBAA-4879-99BC-3A1175E0E7A4}.Release|Any CPU.ActiveCfg = Release|Any CPU
		{81D5BD78-CBAA-4879-99BC-3A1175E0E7A4}.Release|Any CPU.Build.0 = Release|Any CPU
		{284686A4-2865-49C9-9D08-EC6752F6501B}.Debug|Any CPU.ActiveCfg = Debug|Any CPU
		{284686A4-2865-49C9-9D08-EC6752F6501B}.Debug|Any CPU.Build.0 = Debug|Any CPU
		{284686A4-2865-49C9-9D08-EC6752F6501B}.Release|Any CPU.ActiveCfg = Release|Any CPU
		{284686A4-2865-49C9-9D08-EC6752F6501B}.Release|Any CPU.Build.0 = Release|Any CPU
	EndGlobalSection
	GlobalSection(SolutionProperties) = preSolution
		HideSolutionNode = FALSE
	EndGlobalSection
	GlobalSection(NestedProjects) = preSolution
		{26DAE56B-189A-4D28-AE12-D7A673D0CF2D} = {00A36534-A4DF-421E-A48E-7B3C03A66F8A}
		{A1A64AE6-5B9F-4273-80D6-8403C004456F} = {00A36534-A4DF-421E-A48E-7B3C03A66F8A}
		{4948B87F-909F-4FEE-85C6-929B085F18B0} = {00A36534-A4DF-421E-A48E-7B3C03A66F8A}
		{EC1C9BA0-C480-45B2-93F7-0ECB93D61307} = {00A36534-A4DF-421E-A48E-7B3C03A66F8A}
		{529D2C56-1C14-40FA-A92A-E0B16BBD2805} = {00A36534-A4DF-421E-A48E-7B3C03A66F8A}
		{D6C4362B-A2AC-46CF-ADB3-191775FA696D} = {CF36FDA3-3C1E-40B4-965A-C6AEA65794D5}
		{D99F3753-C2F0-451B-92A5-EFB4905DA69A} = {CF36FDA3-3C1E-40B4-965A-C6AEA65794D5}
		{D5C2DC4A-D099-49B6-92E8-C8B9B73C8E65} = {CF36FDA3-3C1E-40B4-965A-C6AEA65794D5}
		{A3529CA5-2418-43BC-8AE3-B3952F7D47C4} = {CF36FDA3-3C1E-40B4-965A-C6AEA65794D5}
		{81D5BD78-CBAA-4879-99BC-3A1175E0E7A4} = {CF36FDA3-3C1E-40B4-965A-C6AEA65794D5}
		{54DB94A4-5A54-410A-9ACE-106BA3F6B67F} = {CD8EF6D5-0940-40BF-8A59-7A72A8992AD8}
		{3F8C4C8F-2CD1-4DC0-A2D9-2D24626DD486} = {CD8EF6D5-0940-40BF-8A59-7A72A8992AD8}
		{1DC2D9C7-97EA-451B-A80C-22213550BCB5} = {CD8EF6D5-0940-40BF-8A59-7A72A8992AD8}
		{42B3FFB2-B056-469D-8417-84CF39E62F89} = {CD8EF6D5-0940-40BF-8A59-7A72A8992AD8}
		{C26D79A2-8C3F-413C-843E-BD6459F87B50} = {CD8EF6D5-0940-40BF-8A59-7A72A8992AD8}
		{4F5BC8AE-EDE8-465B-A8B7-B668A26DA0AB} = {143A0B0C-C506-4D73-805E-AB4DE33F13F3}
		{0E6F6B8D-C55D-4353-9D25-D89F99820010} = {143A0B0C-C506-4D73-805E-AB4DE33F13F3}
		{330FA3A7-057C-467B-A6C2-046AE71057A3} = {143A0B0C-C506-4D73-805E-AB4DE33F13F3}
		{A62C3A21-24C1-4F9E-8E3B-BDEA652841AA} = {143A0B0C-C506-4D73-805E-AB4DE33F13F3}
		{609A4728-52D8-4128-92D2-69BAE2509BCC} = {143A0B0C-C506-4D73-805E-AB4DE33F13F3}
	EndGlobalSection
EndGlobal
