
Microsoft Visual Studio Solution File, Format Version 12.00
# Visual Studio 2012
Project("{FAE04EC0-301F-11D3-BF4B-00C04F79EFBC}") = "1. Students", "1. Students\1. Students.csproj", "{19310A5C-C585-46D3-BC1E-6F7C4332CA4E}"
EndProject
Project("{FAE04EC0-301F-11D3-BF4B-00C04F79EFBC}") = "2. Products", "2. Products\2. Products.csproj", "{2ADA3DBC-D148-48A9-9670-E135ADD51199}"
EndProject
Project("{FAE04EC0-301F-11D3-BF4B-00C04F79EFBC}") = "3. BiDictionary", "3. BiDictionary\3. BiDictionary.csproj", "{193BE739-EDF6-47EE-B337-82D0F59FA398}"
EndProject
Global
	GlobalSection(SolutionConfigurationPlatforms) = preSolution
		Debug|Any CPU = Debug|Any CPU
		Release|Any CPU = Release|Any CPU
	EndGlobalSection
	GlobalSection(ProjectConfigurationPlatforms) = postSolution
		{19310A5C-C585-46D3-BC1E-6F7C4332CA4E}.Debug|Any CPU.ActiveCfg = Debug|Any CPU
		{19310A5C-C585-46D3-BC1E-6F7C4332CA4E}.Debug|Any CPU.Build.0 = Debug|Any CPU
		{19310A5C-C585-46D3-BC1E-6F7C4332CA4E}.Release|Any CPU.ActiveCfg = Release|Any CPU
		{19310A5C-C585-46D3-BC1E-6F7C4332CA4E}.Release|Any CPU.Build.0 = Release|Any CPU
		{2ADA3DBC-D148-48A9-9670-E135ADD51199}.Debug|Any CPU.ActiveCfg = Debug|Any CPU
		{2ADA3DBC-D148-48A9-9670-E135ADD51199}.Debug|Any CPU.Build.0 = Debug|Any CPU
		{2ADA3DBC-D148-48A9-9670-E135ADD51199}.Release|Any CPU.ActiveCfg = Release|Any CPU
		{2ADA3DBC-D148-48A9-9670-E135ADD51199}.Release|Any CPU.Build.0 = Release|Any CPU
		{193BE739-EDF6-47EE-B337-82D0F59FA398}.Debug|Any CPU.ActiveCfg = Debug|Any CPU
		{193BE739-EDF6-47EE-B337-82D0F59FA398}.Debug|Any CPU.Build.0 = Debug|Any CPU
		{193BE739-EDF6-47EE-B337-82D0F59FA398}.Release|Any CPU.ActiveCfg = Release|Any CPU
		{193BE739-EDF6-47EE-B337-82D0F59FA398}.Release|Any CPU.Build.0 = Release|Any CPU
	EndGlobalSection
	GlobalSection(SolutionProperties) = preSolution
		HideSolutionNode = FALSE
	EndGlobalSection
EndGlobal
