
Microsoft Visual Studio Solution File, Format Version 12.00
# Visual Studio 2013
VisualStudioVersion = 12.0.20827.3
MinimumVisualStudioVersion = 10.0.40219.1
Project("{FAE04EC0-301F-11D3-BF4B-00C04F79EFBC}") = "1.-3. World", "1.-3. World\1.-3. World.csproj", "{9803B680-1330-4F8D-8632-C7E1B60524EB}"
EndProject
Project("{FAE04EC0-301F-11D3-BF4B-00C04F79EFBC}") = "4. TodoLists", "4. TodoLists\4. TodoLists.csproj", "{AD048A34-F51D-405C-A411-7E1B995F503E}"
EndProject
Global
	GlobalSection(SolutionConfigurationPlatforms) = preSolution
		Debug|Any CPU = Debug|Any CPU
		Release|Any CPU = Release|Any CPU
	EndGlobalSection
	GlobalSection(ProjectConfigurationPlatforms) = postSolution
		{9803B680-1330-4F8D-8632-C7E1B60524EB}.Debug|Any CPU.ActiveCfg = Debug|Any CPU
		{9803B680-1330-4F8D-8632-C7E1B60524EB}.Debug|Any CPU.Build.0 = Debug|Any CPU
		{9803B680-1330-4F8D-8632-C7E1B60524EB}.Release|Any CPU.ActiveCfg = Release|Any CPU
		{9803B680-1330-4F8D-8632-C7E1B60524EB}.Release|Any CPU.Build.0 = Release|Any CPU
		{AD048A34-F51D-405C-A411-7E1B995F503E}.Debug|Any CPU.ActiveCfg = Debug|Any CPU
		{AD048A34-F51D-405C-A411-7E1B995F503E}.Debug|Any CPU.Build.0 = Debug|Any CPU
		{AD048A34-F51D-405C-A411-7E1B995F503E}.Release|Any CPU.ActiveCfg = Release|Any CPU
		{AD048A34-F51D-405C-A411-7E1B995F503E}.Release|Any CPU.Build.0 = Release|Any CPU
	EndGlobalSection
	GlobalSection(SolutionProperties) = preSolution
		HideSolutionNode = FALSE
	EndGlobalSection
EndGlobal
