
Microsoft Visual Studio Solution File, Format Version 12.00
# Visual Studio 2012
Project("{FAE04EC0-301F-11D3-BF4B-00C04F79EFBC}") = "1. Sequences", "1. Sequences\1. Sequences.csproj", "{FDEF38B7-0312-41DE-ADA1-9E4F813E9673}"
EndProject
Project("{FAE04EC0-301F-11D3-BF4B-00C04F79EFBC}") = "2. JoroTheNaughty", "2. JoroTheNaughty\2. JoroTheNaughty.csproj", "{D9027E4B-93B2-498B-9FF1-02FA395D72FB}"
EndProject
Project("{FAE04EC0-301F-11D3-BF4B-00C04F79EFBC}") = "3. ClojureParser", "3. ClojureParser\3. ClojureParser.csproj", "{0541B079-1DB8-4FB4-9FAB-30B3FD14138C}"
EndProject
Global
	GlobalSection(SolutionConfigurationPlatforms) = preSolution
		Debug|Any CPU = Debug|Any CPU
		Release|Any CPU = Release|Any CPU
	EndGlobalSection
	GlobalSection(ProjectConfigurationPlatforms) = postSolution
		{FDEF38B7-0312-41DE-ADA1-9E4F813E9673}.Debug|Any CPU.ActiveCfg = Debug|Any CPU
		{FDEF38B7-0312-41DE-ADA1-9E4F813E9673}.Debug|Any CPU.Build.0 = Debug|Any CPU
		{FDEF38B7-0312-41DE-ADA1-9E4F813E9673}.Release|Any CPU.ActiveCfg = Release|Any CPU
		{FDEF38B7-0312-41DE-ADA1-9E4F813E9673}.Release|Any CPU.Build.0 = Release|Any CPU
		{D9027E4B-93B2-498B-9FF1-02FA395D72FB}.Debug|Any CPU.ActiveCfg = Debug|Any CPU
		{D9027E4B-93B2-498B-9FF1-02FA395D72FB}.Debug|Any CPU.Build.0 = Debug|Any CPU
		{D9027E4B-93B2-498B-9FF1-02FA395D72FB}.Release|Any CPU.ActiveCfg = Release|Any CPU
		{D9027E4B-93B2-498B-9FF1-02FA395D72FB}.Release|Any CPU.Build.0 = Release|Any CPU
		{0541B079-1DB8-4FB4-9FAB-30B3FD14138C}.Debug|Any CPU.ActiveCfg = Debug|Any CPU
		{0541B079-1DB8-4FB4-9FAB-30B3FD14138C}.Debug|Any CPU.Build.0 = Debug|Any CPU
		{0541B079-1DB8-4FB4-9FAB-30B3FD14138C}.Release|Any CPU.ActiveCfg = Release|Any CPU
		{0541B079-1DB8-4FB4-9FAB-30B3FD14138C}.Release|Any CPU.Build.0 = Release|Any CPU
	EndGlobalSection
	GlobalSection(SolutionProperties) = preSolution
		HideSolutionNode = FALSE
	EndGlobalSection
EndGlobal
