
Microsoft Visual Studio Solution File, Format Version 12.00
# Visual Studio 2012
Project("{FAE04EC0-301F-11D3-BF4B-00C04F79EFBC}") = "Army", "Army\Army.csproj", "{B623FE41-E4A4-485C-BF8B-E8CE38E530F4}"
EndProject
Project("{FAE04EC0-301F-11D3-BF4B-00C04F79EFBC}") = "LevelManager", "LevelManager\LevelManager.csproj", "{211F9B41-AFF3-4847-9DE7-6E41067AC40F}"
EndProject
Project("{FAE04EC0-301F-11D3-BF4B-00C04F79EFBC}") = "Renderer", "Renderer\Renderer.csproj", "{D0F92EE6-5348-4F38-900F-1421FE7CB13E}"
EndProject
Project("{FAE04EC0-301F-11D3-BF4B-00C04F79EFBC}") = "Main", "Main\Main.csproj", "{D53FE370-DA81-4E87-8D6D-3981CF6BFDAF}"
EndProject
Project("{FAE04EC0-301F-11D3-BF4B-00C04F79EFBC}") = "GeometryEngine", "GeometryEngine\GeometryEngine.csproj", "{0D016338-B221-48BA-8A86-02C9F3392755}"
EndProject
Project("{FAE04EC0-301F-11D3-BF4B-00C04F79EFBC}") = "CustomExceptions", "CustomExceptions\CustomExceptions.csproj", "{EE84C540-FB2E-403E-B28E-890802122C55}"
EndProject
Project("{FAE04EC0-301F-11D3-BF4B-00C04F79EFBC}") = "FactoryLibrary", "FactoryLibrary\FactoryLibrary.csproj", "{73C52C10-F0BD-44E4-812F-C092E5446E27}"
EndProject
Global
	GlobalSection(TeamFoundationVersionControl) = preSolution
		SccNumberOfProjects = 8
		SccEnterpriseProvider = {4CA58AB2-18FA-4F8D-95D4-32DDF27D184C}
		SccTeamFoundationServer = https://tfs.codeplex.com/tfs/tfs11
		SccLocalPath0 = .
		SccProjectUniqueName1 = Army\\Army.csproj
		SccProjectName1 = Army
		SccLocalPath1 = Army
		SccProjectUniqueName2 = LevelManager\\LevelManager.csproj
		SccProjectName2 = LevelManager
		SccLocalPath2 = LevelManager
		SccProjectUniqueName3 = Renderer\\Renderer.csproj
		SccProjectName3 = Renderer
		SccLocalPath3 = Renderer
		SccProjectUniqueName4 = Main\\Main.csproj
		SccProjectName4 = Main
		SccLocalPath4 = Main
		SccProjectUniqueName5 = GeometryEngine\\GeometryEngine.csproj
		SccProjectName5 = GeometryEngine
		SccLocalPath5 = GeometryEngine
		SccProjectUniqueName6 = CustomExceptions\\CustomExceptions.csproj
		SccProjectName6 = CustomExceptions
		SccLocalPath6 = CustomExceptions
		SccProjectUniqueName7 = FactoryLibrary\\FactoryLibrary.csproj
		SccProjectName7 = FactoryLibrary
		SccLocalPath7 = FactoryLibrary
	EndGlobalSection
	GlobalSection(SolutionConfigurationPlatforms) = preSolution
		Debug|Any CPU = Debug|Any CPU
		Release|Any CPU = Release|Any CPU
	EndGlobalSection
	GlobalSection(ProjectConfigurationPlatforms) = postSolution
		{B623FE41-E4A4-485C-BF8B-E8CE38E530F4}.Debug|Any CPU.ActiveCfg = Debug|Any CPU
		{B623FE41-E4A4-485C-BF8B-E8CE38E530F4}.Debug|Any CPU.Build.0 = Debug|Any CPU
		{B623FE41-E4A4-485C-BF8B-E8CE38E530F4}.Release|Any CPU.ActiveCfg = Release|Any CPU
		{B623FE41-E4A4-485C-BF8B-E8CE38E530F4}.Release|Any CPU.Build.0 = Release|Any CPU
		{211F9B41-AFF3-4847-9DE7-6E41067AC40F}.Debug|Any CPU.ActiveCfg = Debug|Any CPU
		{211F9B41-AFF3-4847-9DE7-6E41067AC40F}.Debug|Any CPU.Build.0 = Debug|Any CPU
		{211F9B41-AFF3-4847-9DE7-6E41067AC40F}.Release|Any CPU.ActiveCfg = Release|Any CPU
		{211F9B41-AFF3-4847-9DE7-6E41067AC40F}.Release|Any CPU.Build.0 = Release|Any CPU
		{D0F92EE6-5348-4F38-900F-1421FE7CB13E}.Debug|Any CPU.ActiveCfg = Debug|Any CPU
		{D0F92EE6-5348-4F38-900F-1421FE7CB13E}.Debug|Any CPU.Build.0 = Debug|Any CPU
		{D0F92EE6-5348-4F38-900F-1421FE7CB13E}.Release|Any CPU.ActiveCfg = Release|Any CPU
		{D0F92EE6-5348-4F38-900F-1421FE7CB13E}.Release|Any CPU.Build.0 = Release|Any CPU
		{D53FE370-DA81-4E87-8D6D-3981CF6BFDAF}.Debug|Any CPU.ActiveCfg = Debug|Any CPU
		{D53FE370-DA81-4E87-8D6D-3981CF6BFDAF}.Debug|Any CPU.Build.0 = Debug|Any CPU
		{D53FE370-DA81-4E87-8D6D-3981CF6BFDAF}.Release|Any CPU.ActiveCfg = Release|Any CPU
		{D53FE370-DA81-4E87-8D6D-3981CF6BFDAF}.Release|Any CPU.Build.0 = Release|Any CPU
		{0D016338-B221-48BA-8A86-02C9F3392755}.Debug|Any CPU.ActiveCfg = Debug|Any CPU
		{0D016338-B221-48BA-8A86-02C9F3392755}.Debug|Any CPU.Build.0 = Debug|Any CPU
		{0D016338-B221-48BA-8A86-02C9F3392755}.Release|Any CPU.ActiveCfg = Release|Any CPU
		{0D016338-B221-48BA-8A86-02C9F3392755}.Release|Any CPU.Build.0 = Release|Any CPU
		{EE84C540-FB2E-403E-B28E-890802122C55}.Debug|Any CPU.ActiveCfg = Debug|Any CPU
		{EE84C540-FB2E-403E-B28E-890802122C55}.Debug|Any CPU.Build.0 = Debug|Any CPU
		{EE84C540-FB2E-403E-B28E-890802122C55}.Release|Any CPU.ActiveCfg = Release|Any CPU
		{EE84C540-FB2E-403E-B28E-890802122C55}.Release|Any CPU.Build.0 = Release|Any CPU
		{73C52C10-F0BD-44E4-812F-C092E5446E27}.Debug|Any CPU.ActiveCfg = Debug|Any CPU
		{73C52C10-F0BD-44E4-812F-C092E5446E27}.Debug|Any CPU.Build.0 = Debug|Any CPU
		{73C52C10-F0BD-44E4-812F-C092E5446E27}.Release|Any CPU.ActiveCfg = Release|Any CPU
		{73C52C10-F0BD-44E4-812F-C092E5446E27}.Release|Any CPU.Build.0 = Release|Any CPU
	EndGlobalSection
	GlobalSection(SolutionProperties) = preSolution
		HideSolutionNode = FALSE
	EndGlobalSection
EndGlobal
