
Microsoft Visual Studio Solution File, Format Version 12.00
# Visual Studio 2013
VisualStudioVersion = 12.0.20623.1 VSUPREVIEW
MinimumVisualStudioVersion = 10.0.40219.1
Project("{FAE04EC0-301F-11D3-BF4B-00C04F79EFBC}") = "1. SayHello", "1. SayHello\1. SayHello.csproj", "{0DBBB51A-0737-4841-A235-F722E526B691}"
EndProject
Project("{FAE04EC0-301F-11D3-BF4B-00C04F79EFBC}") = "2. SayHelloFromCodeAndAspx", "2. SayHelloFromCodeAndAspx\2. SayHelloFromCodeAndAspx.csproj", "{EE98B586-A826-4908-95DF-C630588A86AE}"
EndProject
Project("{FAE04EC0-301F-11D3-BF4B-00C04F79EFBC}") = "3. AppExecutionEvents", "3. AppExecutionEvents\3. AppExecutionEvents.csproj", "{3FEC70BF-304C-45F9-A45F-E74D4FF71103}"
EndProject
Global
	GlobalSection(SolutionConfigurationPlatforms) = preSolution
		Debug|Any CPU = Debug|Any CPU
		Release|Any CPU = Release|Any CPU
	EndGlobalSection
	GlobalSection(ProjectConfigurationPlatforms) = postSolution
		{0DBBB51A-0737-4841-A235-F722E526B691}.Debug|Any CPU.ActiveCfg = Debug|Any CPU
		{0DBBB51A-0737-4841-A235-F722E526B691}.Debug|Any CPU.Build.0 = Debug|Any CPU
		{0DBBB51A-0737-4841-A235-F722E526B691}.Release|Any CPU.ActiveCfg = Release|Any CPU
		{0DBBB51A-0737-4841-A235-F722E526B691}.Release|Any CPU.Build.0 = Release|Any CPU
		{EE98B586-A826-4908-95DF-C630588A86AE}.Debug|Any CPU.ActiveCfg = Debug|Any CPU
		{EE98B586-A826-4908-95DF-C630588A86AE}.Debug|Any CPU.Build.0 = Debug|Any CPU
		{EE98B586-A826-4908-95DF-C630588A86AE}.Release|Any CPU.ActiveCfg = Release|Any CPU
		{EE98B586-A826-4908-95DF-C630588A86AE}.Release|Any CPU.Build.0 = Release|Any CPU
		{3FEC70BF-304C-45F9-A45F-E74D4FF71103}.Debug|Any CPU.ActiveCfg = Debug|Any CPU
		{3FEC70BF-304C-45F9-A45F-E74D4FF71103}.Debug|Any CPU.Build.0 = Debug|Any CPU
		{3FEC70BF-304C-45F9-A45F-E74D4FF71103}.Release|Any CPU.ActiveCfg = Release|Any CPU
		{3FEC70BF-304C-45F9-A45F-E74D4FF71103}.Release|Any CPU.Build.0 = Release|Any CPU
	EndGlobalSection
	GlobalSection(SolutionProperties) = preSolution
		HideSolutionNode = FALSE
	EndGlobalSection
EndGlobal
