
Microsoft Visual Studio Solution File, Format Version 12.00
# Visual Studio 2012
Project("{FAE04EC0-301F-11D3-BF4B-00C04F79EFBC}") = "1. CheckLeapYear", "1. CheckLeapYear\1. CheckLeapYear.csproj", "{B7FA01F9-4A6B-4EF4-913E-0DFB96306085}"
EndProject
Project("{FAE04EC0-301F-11D3-BF4B-00C04F79EFBC}") = "2. TenRandomNumbers", "2. TenRandomNumbers\2. TenRandomNumbers.csproj", "{6C0D16C6-3302-4767-BED3-B617E4974F36}"
EndProject
Project("{FAE04EC0-301F-11D3-BF4B-00C04F79EFBC}") = "3. DayOfTheWeek", "3. DayOfTheWeek\3. DayOfTheWeek.csproj", "{DD8F44EE-6ABD-4246-ABB9-9B97CDB5ED00}"
EndProject
Project("{FAE04EC0-301F-11D3-BF4B-00C04F79EFBC}") = "4. CalculateSurfaceOfTriangle", "4. CalculateSurfaceOfTriangle\4. CalculateSurfaceOfTriangle.csproj", "{47E04ADF-145B-4192-857B-FBE8396AD40F}"
EndProject
Project("{FAE04EC0-301F-11D3-BF4B-00C04F79EFBC}") = "5. NumberOfWorkdays", "5. NumberOfWorkdays\5. NumberOfWorkdays.csproj", "{4BAED69A-449A-43E7-831A-E79AE67386EA}"
EndProject
Project("{FAE04EC0-301F-11D3-BF4B-00C04F79EFBC}") = "6. SumNumbers", "6. SumNumbers\6. SumNumbers.csproj", "{0F22BB2A-DC78-49CB-A56E-AC3230CCA03B}"
EndProject
Global
	GlobalSection(SolutionConfigurationPlatforms) = preSolution
		Debug|Any CPU = Debug|Any CPU
		Release|Any CPU = Release|Any CPU
	EndGlobalSection
	GlobalSection(ProjectConfigurationPlatforms) = postSolution
		{B7FA01F9-4A6B-4EF4-913E-0DFB96306085}.Debug|Any CPU.ActiveCfg = Debug|Any CPU
		{B7FA01F9-4A6B-4EF4-913E-0DFB96306085}.Debug|Any CPU.Build.0 = Debug|Any CPU
		{B7FA01F9-4A6B-4EF4-913E-0DFB96306085}.Release|Any CPU.ActiveCfg = Release|Any CPU
		{B7FA01F9-4A6B-4EF4-913E-0DFB96306085}.Release|Any CPU.Build.0 = Release|Any CPU
		{6C0D16C6-3302-4767-BED3-B617E4974F36}.Debug|Any CPU.ActiveCfg = Debug|Any CPU
		{6C0D16C6-3302-4767-BED3-B617E4974F36}.Debug|Any CPU.Build.0 = Debug|Any CPU
		{6C0D16C6-3302-4767-BED3-B617E4974F36}.Release|Any CPU.ActiveCfg = Release|Any CPU
		{6C0D16C6-3302-4767-BED3-B617E4974F36}.Release|Any CPU.Build.0 = Release|Any CPU
		{DD8F44EE-6ABD-4246-ABB9-9B97CDB5ED00}.Debug|Any CPU.ActiveCfg = Debug|Any CPU
		{DD8F44EE-6ABD-4246-ABB9-9B97CDB5ED00}.Debug|Any CPU.Build.0 = Debug|Any CPU
		{DD8F44EE-6ABD-4246-ABB9-9B97CDB5ED00}.Release|Any CPU.ActiveCfg = Release|Any CPU
		{DD8F44EE-6ABD-4246-ABB9-9B97CDB5ED00}.Release|Any CPU.Build.0 = Release|Any CPU
		{47E04ADF-145B-4192-857B-FBE8396AD40F}.Debug|Any CPU.ActiveCfg = Debug|Any CPU
		{47E04ADF-145B-4192-857B-FBE8396AD40F}.Debug|Any CPU.Build.0 = Debug|Any CPU
		{47E04ADF-145B-4192-857B-FBE8396AD40F}.Release|Any CPU.ActiveCfg = Release|Any CPU
		{47E04ADF-145B-4192-857B-FBE8396AD40F}.Release|Any CPU.Build.0 = Release|Any CPU
		{4BAED69A-449A-43E7-831A-E79AE67386EA}.Debug|Any CPU.ActiveCfg = Debug|Any CPU
		{4BAED69A-449A-43E7-831A-E79AE67386EA}.Debug|Any CPU.Build.0 = Debug|Any CPU
		{4BAED69A-449A-43E7-831A-E79AE67386EA}.Release|Any CPU.ActiveCfg = Release|Any CPU
		{4BAED69A-449A-43E7-831A-E79AE67386EA}.Release|Any CPU.Build.0 = Release|Any CPU
		{0F22BB2A-DC78-49CB-A56E-AC3230CCA03B}.Debug|Any CPU.ActiveCfg = Debug|Any CPU
		{0F22BB2A-DC78-49CB-A56E-AC3230CCA03B}.Debug|Any CPU.Build.0 = Debug|Any CPU
		{0F22BB2A-DC78-49CB-A56E-AC3230CCA03B}.Release|Any CPU.ActiveCfg = Release|Any CPU
		{0F22BB2A-DC78-49CB-A56E-AC3230CCA03B}.Release|Any CPU.Build.0 = Release|Any CPU
	EndGlobalSection
	GlobalSection(SolutionProperties) = preSolution
		HideSolutionNode = FALSE
	EndGlobalSection
EndGlobal
