
Microsoft Visual Studio Solution File, Format Version 12.00
# Visual Studio 2012
Project("{FAE04EC0-301F-11D3-BF4B-00C04F79EFBC}") = "3. TelerikLogo", "3. TelerikLogo\3. TelerikLogo.csproj", "{5DFEA5E5-88C3-489A-A160-23A94E55414B}"
EndProject
Global
	GlobalSection(SolutionConfigurationPlatforms) = preSolution
		Debug|Any CPU = Debug|Any CPU
		Release|Any CPU = Release|Any CPU
	EndGlobalSection
	GlobalSection(ProjectConfigurationPlatforms) = postSolution
		{5DFEA5E5-88C3-489A-A160-23A94E55414B}.Debug|Any CPU.ActiveCfg = Debug|Any CPU
		{5DFEA5E5-88C3-489A-A160-23A94E55414B}.Debug|Any CPU.Build.0 = Debug|Any CPU
		{5DFEA5E5-88C3-489A-A160-23A94E55414B}.Release|Any CPU.ActiveCfg = Release|Any CPU
		{5DFEA5E5-88C3-489A-A160-23A94E55414B}.Release|Any CPU.Build.0 = Release|Any CPU
	EndGlobalSection
	GlobalSection(SolutionProperties) = preSolution
		HideSolutionNode = FALSE
	EndGlobalSection
EndGlobal
