
Microsoft Visual Studio Solution File, Format Version 12.00
# Visual Studio 2012
Project("{FAE04EC0-301F-11D3-BF4B-00C04F79EFBC}") = "1. IronMqChat", "1. IronMqChat\1. IronMqChat.csproj", "{DD3A228D-775C-4EFD-A051-5B03DC25C981}"
EndProject
Project("{FAE04EC0-301F-11D3-BF4B-00C04F79EFBC}") = "2. PubNubChat", "2. PubNubChat\2. PubNubChat.csproj", "{FB21DE5A-C7D9-4A12-AB54-0E61B283C631}"
EndProject
Project("{FAE04EC0-301F-11D3-BF4B-00C04F79EFBC}") = "3. DropboxPhotos", "3. DropboxPhotos\3. DropboxPhotos.csproj", "{EB68D7D0-6EE0-41F4-B6D1-5D054CFF072E}"
EndProject
Global
	GlobalSection(SolutionConfigurationPlatforms) = preSolution
		Debug|Any CPU = Debug|Any CPU
		Release|Any CPU = Release|Any CPU
	EndGlobalSection
	GlobalSection(ProjectConfigurationPlatforms) = postSolution
		{DD3A228D-775C-4EFD-A051-5B03DC25C981}.Debug|Any CPU.ActiveCfg = Debug|Any CPU
		{DD3A228D-775C-4EFD-A051-5B03DC25C981}.Debug|Any CPU.Build.0 = Debug|Any CPU
		{DD3A228D-775C-4EFD-A051-5B03DC25C981}.Release|Any CPU.ActiveCfg = Release|Any CPU
		{DD3A228D-775C-4EFD-A051-5B03DC25C981}.Release|Any CPU.Build.0 = Release|Any CPU
		{FB21DE5A-C7D9-4A12-AB54-0E61B283C631}.Debug|Any CPU.ActiveCfg = Debug|Any CPU
		{FB21DE5A-C7D9-4A12-AB54-0E61B283C631}.Debug|Any CPU.Build.0 = Debug|Any CPU
		{FB21DE5A-C7D9-4A12-AB54-0E61B283C631}.Release|Any CPU.ActiveCfg = Release|Any CPU
		{FB21DE5A-C7D9-4A12-AB54-0E61B283C631}.Release|Any CPU.Build.0 = Release|Any CPU
		{EB68D7D0-6EE0-41F4-B6D1-5D054CFF072E}.Debug|Any CPU.ActiveCfg = Debug|Any CPU
		{EB68D7D0-6EE0-41F4-B6D1-5D054CFF072E}.Debug|Any CPU.Build.0 = Debug|Any CPU
		{EB68D7D0-6EE0-41F4-B6D1-5D054CFF072E}.Release|Any CPU.ActiveCfg = Release|Any CPU
		{EB68D7D0-6EE0-41F4-B6D1-5D054CFF072E}.Release|Any CPU.Build.0 = Release|Any CPU
	EndGlobalSection
	GlobalSection(SolutionProperties) = preSolution
		HideSolutionNode = FALSE
	EndGlobalSection
EndGlobal
